
Microsoft Visual Studio Solution File, Format Version 12.00
# Visual Studio Version 16
VisualStudioVersion = 16.0.30804.86
MinimumVisualStudioVersion = 10.0.40219.1
Project("{FAE04EC0-301F-11D3-BF4B-00C04F79EFBC}") = "GameProject", "GameProject\GameProject.csproj", "{50FDF7BD-ECBD-4313-90E6-773A71C4CEE6}"
EndProject
Global
	GlobalSection(SolutionConfigurationPlatforms) = preSolution
		Debug|Any CPU = Debug|Any CPU
		Release|Any CPU = Release|Any CPU
	EndGlobalSection
	GlobalSection(ProjectConfigurationPlatforms) = postSolution
		{50FDF7BD-ECBD-4313-90E6-773A71C4CEE6}.Debug|Any CPU.ActiveCfg = Debug|Any CPU
		{50FDF7BD-ECBD-4313-90E6-773A71C4CEE6}.Debug|Any CPU.Build.0 = Debug|Any CPU
		{50FDF7BD-ECBD-4313-90E6-773A71C4CEE6}.Release|Any CPU.ActiveCfg = Release|Any CPU
		{50FDF7BD-ECBD-4313-90E6-773A71C4CEE6}.Release|Any CPU.Build.0 = Release|Any CPU
	EndGlobalSection
	GlobalSection(SolutionProperties) = preSolution
		HideSolutionNode = FALSE
	EndGlobalSection
	GlobalSection(ExtensibilityGlobals) = postSolution
		SolutionGuid = {B08BF115-8D88-4B33-89F7-74A9BF1A06E0}
	EndGlobalSection
EndGlobal
